
Microsoft Visual Studio Solution File, Format Version 12.00
# Visual Studio 14
VisualStudioVersion = 14.0.25420.1
MinimumVisualStudioVersion = 10.0.40219.1
Project("{8BC9CEB8-8B4A-11D0-8D11-00A0C91BC942}") = "P1", "P1\P1.vcxproj", "{C5E350B4-F2F3-49A5-B8E6-A6CA25ED19C9}"
EndProject
Project("{8BC9CEB8-8B4A-11D0-8D11-00A0C91BC942}") = "P2", "P2\P2.vcxproj", "{82362B6C-CC6B-40D2-8911-C68C9FA773E0}"
EndProject
Project("{8BC9CEB8-8B4A-11D0-8D11-00A0C91BC942}") = "P3", "P3\P3.vcxproj", "{73C1044A-DA44-4ADB-806C-9D13B1CD53D3}"
EndProject
Project("{8BC9CEB8-8B4A-11D0-8D11-00A0C91BC942}") = "aP1", "aP1\aP1.vcxproj", "{5EA63159-B5F3-4386-9859-EB5735CD1720}"
EndProject
Project("{8BC9CEB8-8B4A-11D0-8D11-00A0C91BC942}") = "aP2", "aP2\aP2.vcxproj", "{9850BD85-5CE6-4E1A-A737-893C6D2E9264}"
EndProject
Project("{8BC9CEB8-8B4A-11D0-8D11-00A0C91BC942}") = "aP3", "aP3\aP3.vcxproj", "{A058C11D-9374-405B-BD3B-06EFCD85BEB4}"
EndProject
Project("{8BC9CEB8-8B4A-11D0-8D11-00A0C91BC942}") = "E2", "E2\E2.vcxproj", "{A87AACF7-F4C3-462A-92EB-E3494908EED4}"
EndProject
Project("{8BC9CEB8-8B4A-11D0-8D11-00A0C91BC942}") = "Poly", "Poly\Poly.vcxproj", "{CC98FFE8-9B77-4738-837F-52FA04E159D6}"
EndProject
Project("{8BC9CEB8-8B4A-11D0-8D11-00A0C91BC942}") = "ex", "ex\ex.vcxproj", "{669E01E0-CA14-4C54-B3D4-E14EF28722B8}"
EndProject
Project("{8BC9CEB8-8B4A-11D0-8D11-00A0C91BC942}") = "ex3", "ex3\ex3.vcxproj", "{29D5192E-F74C-4938-BB22-D04CE5730C3C}"
EndProject
Project("{8BC9CEB8-8B4A-11D0-8D11-00A0C91BC942}") = "Ex2", "Ex2\Ex2.vcxproj", "{0273D8AE-1841-46D1-982B-992F6A60AB93}"
EndProject
Global
	GlobalSection(SolutionConfigurationPlatforms) = preSolution
		Debug|x64 = Debug|x64
		Debug|x86 = Debug|x86
		Release|x64 = Release|x64
		Release|x86 = Release|x86
	EndGlobalSection
	GlobalSection(ProjectConfigurationPlatforms) = postSolution
		{C5E350B4-F2F3-49A5-B8E6-A6CA25ED19C9}.Debug|x64.ActiveCfg = Debug|Win32
		{C5E350B4-F2F3-49A5-B8E6-A6CA25ED19C9}.Debug|x64.Build.0 = Debug|Win32
		{C5E350B4-F2F3-49A5-B8E6-A6CA25ED19C9}.Debug|x86.ActiveCfg = Debug|Win32
		{C5E350B4-F2F3-49A5-B8E6-A6CA25ED19C9}.Debug|x86.Build.0 = Debug|Win32
		{C5E350B4-F2F3-49A5-B8E6-A6CA25ED19C9}.Release|x64.ActiveCfg = Release|x64
		{C5E350B4-F2F3-49A5-B8E6-A6CA25ED19C9}.Release|x64.Build.0 = Release|x64
		{C5E350B4-F2F3-49A5-B8E6-A6CA25ED19C9}.Release|x86.ActiveCfg = Release|Win32
		{C5E350B4-F2F3-49A5-B8E6-A6CA25ED19C9}.Release|x86.Build.0 = Release|Win32
		{82362B6C-CC6B-40D2-8911-C68C9FA773E0}.Debug|x64.ActiveCfg = Debug|Win32
		{82362B6C-CC6B-40D2-8911-C68C9FA773E0}.Debug|x64.Build.0 = Debug|Win32
		{82362B6C-CC6B-40D2-8911-C68C9FA773E0}.Debug|x86.ActiveCfg = Debug|Win32
		{82362B6C-CC6B-40D2-8911-C68C9FA773E0}.Debug|x86.Build.0 = Debug|Win32
		{82362B6C-CC6B-40D2-8911-C68C9FA773E0}.Release|x64.ActiveCfg = Release|x64
		{82362B6C-CC6B-40D2-8911-C68C9FA773E0}.Release|x64.Build.0 = Release|x64
		{82362B6C-CC6B-40D2-8911-C68C9FA773E0}.Release|x86.ActiveCfg = Release|Win32
		{82362B6C-CC6B-40D2-8911-C68C9FA773E0}.Release|x86.Build.0 = Release|Win32
		{73C1044A-DA44-4ADB-806C-9D13B1CD53D3}.Debug|x64.ActiveCfg = Debug|Win32
		{73C1044A-DA44-4ADB-806C-9D13B1CD53D3}.Debug|x64.Build.0 = Debug|Win32
		{73C1044A-DA44-4ADB-806C-9D13B1CD53D3}.Debug|x86.ActiveCfg = Debug|Win32
		{73C1044A-DA44-4ADB-806C-9D13B1CD53D3}.Debug|x86.Build.0 = Debug|Win32
		{73C1044A-DA44-4ADB-806C-9D13B1CD53D3}.Release|x64.ActiveCfg = Release|x64
		{73C1044A-DA44-4ADB-806C-9D13B1CD53D3}.Release|x64.Build.0 = Release|x64
		{73C1044A-DA44-4ADB-806C-9D13B1CD53D3}.Release|x86.ActiveCfg = Release|Win32
		{73C1044A-DA44-4ADB-806C-9D13B1CD53D3}.Release|x86.Build.0 = Release|Win32
		{5EA63159-B5F3-4386-9859-EB5735CD1720}.Debug|x64.ActiveCfg = Debug|Win32
		{5EA63159-B5F3-4386-9859-EB5735CD1720}.Debug|x64.Build.0 = Debug|Win32
		{5EA63159-B5F3-4386-9859-EB5735CD1720}.Debug|x86.ActiveCfg = Debug|Win32
		{5EA63159-B5F3-4386-9859-EB5735CD1720}.Debug|x86.Build.0 = Debug|Win32
		{5EA63159-B5F3-4386-9859-EB5735CD1720}.Release|x64.ActiveCfg = Release|x64
		{5EA63159-B5F3-4386-9859-EB5735CD1720}.Release|x64.Build.0 = Release|x64
		{5EA63159-B5F3-4386-9859-EB5735CD1720}.Release|x86.ActiveCfg = Release|Win32
		{5EA63159-B5F3-4386-9859-EB5735CD1720}.Release|x86.Build.0 = Release|Win32
		{9850BD85-5CE6-4E1A-A737-893C6D2E9264}.Debug|x64.ActiveCfg = Debug|Win32
		{9850BD85-5CE6-4E1A-A737-893C6D2E9264}.Debug|x64.Build.0 = Debug|Win32
		{9850BD85-5CE6-4E1A-A737-893C6D2E9264}.Debug|x86.ActiveCfg = Debug|Win32
		{9850BD85-5CE6-4E1A-A737-893C6D2E9264}.Debug|x86.Build.0 = Debug|Win32
		{9850BD85-5CE6-4E1A-A737-893C6D2E9264}.Release|x64.ActiveCfg = Release|x64
		{9850BD85-5CE6-4E1A-A737-893C6D2E9264}.Release|x64.Build.0 = Release|x64
		{9850BD85-5CE6-4E1A-A737-893C6D2E9264}.Release|x86.ActiveCfg = Release|Win32
		{9850BD85-5CE6-4E1A-A737-893C6D2E9264}.Release|x86.Build.0 = Release|Win32
		{A058C11D-9374-405B-BD3B-06EFCD85BEB4}.Debug|x64.ActiveCfg = Debug|Win32
		{A058C11D-9374-405B-BD3B-06EFCD85BEB4}.Debug|x64.Build.0 = Debug|Win32
		{A058C11D-9374-405B-BD3B-06EFCD85BEB4}.Debug|x86.ActiveCfg = Debug|Win32
		{A058C11D-9374-405B-BD3B-06EFCD85BEB4}.Debug|x86.Build.0 = Debug|Win32
		{A058C11D-9374-405B-BD3B-06EFCD85BEB4}.Release|x64.ActiveCfg = Release|x64
		{A058C11D-9374-405B-BD3B-06EFCD85BEB4}.Release|x64.Build.0 = Release|x64
		{A058C11D-9374-405B-BD3B-06EFCD85BEB4}.Release|x86.ActiveCfg = Release|Win32
		{A058C11D-9374-405B-BD3B-06EFCD85BEB4}.Release|x86.Build.0 = Release|Win32
		{A87AACF7-F4C3-462A-92EB-E3494908EED4}.Debug|x64.ActiveCfg = Debug|Win32
		{A87AACF7-F4C3-462A-92EB-E3494908EED4}.Debug|x64.Build.0 = Debug|Win32
		{A87AACF7-F4C3-462A-92EB-E3494908EED4}.Debug|x86.ActiveCfg = Debug|Win32
		{A87AACF7-F4C3-462A-92EB-E3494908EED4}.Debug|x86.Build.0 = Debug|Win32
		{A87AACF7-F4C3-462A-92EB-E3494908EED4}.Release|x64.ActiveCfg = Release|x64
		{A87AACF7-F4C3-462A-92EB-E3494908EED4}.Release|x64.Build.0 = Release|x64
		{A87AACF7-F4C3-462A-92EB-E3494908EED4}.Release|x86.ActiveCfg = Release|Win32
		{A87AACF7-F4C3-462A-92EB-E3494908EED4}.Release|x86.Build.0 = Release|Win32
		{CC98FFE8-9B77-4738-837F-52FA04E159D6}.Debug|x64.ActiveCfg = Debug|Win32
		{CC98FFE8-9B77-4738-837F-52FA04E159D6}.Debug|x64.Build.0 = Debug|Win32
		{CC98FFE8-9B77-4738-837F-52FA04E159D6}.Debug|x86.ActiveCfg = Debug|Win32
		{CC98FFE8-9B77-4738-837F-52FA04E159D6}.Debug|x86.Build.0 = Debug|Win32
		{CC98FFE8-9B77-4738-837F-52FA04E159D6}.Release|x64.ActiveCfg = Release|x64
		{CC98FFE8-9B77-4738-837F-52FA04E159D6}.Release|x64.Build.0 = Release|x64
		{CC98FFE8-9B77-4738-837F-52FA04E159D6}.Release|x86.ActiveCfg = Release|Win32
		{CC98FFE8-9B77-4738-837F-52FA04E159D6}.Release|x86.Build.0 = Release|Win32
		{669E01E0-CA14-4C54-B3D4-E14EF28722B8}.Debug|x64.ActiveCfg = Debug|Win32
		{669E01E0-CA14-4C54-B3D4-E14EF28722B8}.Debug|x64.Build.0 = Debug|Win32
		{669E01E0-CA14-4C54-B3D4-E14EF28722B8}.Debug|x86.ActiveCfg = Debug|Win32
		{669E01E0-CA14-4C54-B3D4-E14EF28722B8}.Debug|x86.Build.0 = Debug|Win32
		{669E01E0-CA14-4C54-B3D4-E14EF28722B8}.Release|x64.ActiveCfg = Release|x64
		{669E01E0-CA14-4C54-B3D4-E14EF28722B8}.Release|x64.Build.0 = Release|x64
		{669E01E0-CA14-4C54-B3D4-E14EF28722B8}.Release|x86.ActiveCfg = Release|Win32
		{669E01E0-CA14-4C54-B3D4-E14EF28722B8}.Release|x86.Build.0 = Release|Win32
		{29D5192E-F74C-4938-BB22-D04CE5730C3C}.Debug|x64.ActiveCfg = Debug|Win32
		{29D5192E-F74C-4938-BB22-D04CE5730C3C}.Debug|x64.Build.0 = Debug|Win32
		{29D5192E-F74C-4938-BB22-D04CE5730C3C}.Debug|x86.ActiveCfg = Debug|Win32
		{29D5192E-F74C-4938-BB22-D04CE5730C3C}.Debug|x86.Build.0 = Debug|Win32
		{29D5192E-F74C-4938-BB22-D04CE5730C3C}.Release|x64.ActiveCfg = Release|x64
		{29D5192E-F74C-4938-BB22-D04CE5730C3C}.Release|x64.Build.0 = Release|x64
		{29D5192E-F74C-4938-BB22-D04CE5730C3C}.Release|x86.ActiveCfg = Release|Win32
		{29D5192E-F74C-4938-BB22-D04CE5730C3C}.Release|x86.Build.0 = Release|Win32
		{0273D8AE-1841-46D1-982B-992F6A60AB93}.Debug|x64.ActiveCfg = Debug|Win32
		{0273D8AE-1841-46D1-982B-992F6A60AB93}.Debug|x64.Build.0 = Debug|Win32
		{0273D8AE-1841-46D1-982B-992F6A60AB93}.Debug|x86.ActiveCfg = Debug|Win32
		{0273D8AE-1841-46D1-982B-992F6A60AB93}.Debug|x86.Build.0 = Debug|Win32
		{0273D8AE-1841-46D1-982B-992F6A60AB93}.Release|x64.ActiveCfg = Release|x64
		{0273D8AE-1841-46D1-982B-992F6A60AB93}.Release|x64.Build.0 = Release|x64
		{0273D8AE-1841-46D1-982B-992F6A60AB93}.Release|x86.ActiveCfg = Release|Win32
		{0273D8AE-1841-46D1-982B-992F6A60AB93}.Release|x86.Build.0 = Release|Win32
	EndGlobalSection
	GlobalSection(SolutionProperties) = preSolution
		HideSolutionNode = FALSE
	EndGlobalSection
EndGlobal
