
Microsoft Visual Studio Solution File, Format Version 12.00
# Visual Studio 14
VisualStudioVersion = 14.0.25420.1
MinimumVisualStudioVersion = 10.0.40219.1
Project("{8BC9CEB8-8B4A-11D0-8D11-00A0C91BC942}") = "P1", "P1\P1.vcxproj", "{E549137C-9F78-4D21-A016-D40D2C2F8A81}"
EndProject
Project("{8BC9CEB8-8B4A-11D0-8D11-00A0C91BC942}") = "p2", "p2\p2.vcxproj", "{BA925B9E-75FD-4A0F-A94B-6725FD36CF22}"
EndProject
Project("{8BC9CEB8-8B4A-11D0-8D11-00A0C91BC942}") = "ap1", "ap1\ap1.vcxproj", "{E1CCC458-523D-44BB-AB1F-048492196976}"
EndProject
Project("{8BC9CEB8-8B4A-11D0-8D11-00A0C91BC942}") = "ap2", "ap2\ap2.vcxproj", "{567BD4D1-2D82-4767-8EEE-E695ED701E7C}"
EndProject
Project("{8BC9CEB8-8B4A-11D0-8D11-00A0C91BC942}") = "ap3", "ap3\ap3.vcxproj", "{7435D7DE-9331-4273-84DA-76632F155473}"
EndProject
Project("{8BC9CEB8-8B4A-11D0-8D11-00A0C91BC942}") = "a2p1", "a2p1\a2p1.vcxproj", "{8020FCD3-A37C-4DCD-88E8-B23B0982A6DD}"
EndProject
Project("{8BC9CEB8-8B4A-11D0-8D11-00A0C91BC942}") = "a2p2", "a2p2\a2p2.vcxproj", "{97DF5A90-0126-45CC-BB68-64F1EAD36983}"
EndProject
Global
	GlobalSection(SolutionConfigurationPlatforms) = preSolution
		Debug|x64 = Debug|x64
		Debug|x86 = Debug|x86
		Release|x64 = Release|x64
		Release|x86 = Release|x86
	EndGlobalSection
	GlobalSection(ProjectConfigurationPlatforms) = postSolution
		{E549137C-9F78-4D21-A016-D40D2C2F8A81}.Debug|x64.ActiveCfg = Debug|x64
		{E549137C-9F78-4D21-A016-D40D2C2F8A81}.Debug|x64.Build.0 = Debug|x64
		{E549137C-9F78-4D21-A016-D40D2C2F8A81}.Debug|x86.ActiveCfg = Debug|Win32
		{E549137C-9F78-4D21-A016-D40D2C2F8A81}.Debug|x86.Build.0 = Debug|Win32
		{E549137C-9F78-4D21-A016-D40D2C2F8A81}.Release|x64.ActiveCfg = Release|x64
		{E549137C-9F78-4D21-A016-D40D2C2F8A81}.Release|x64.Build.0 = Release|x64
		{E549137C-9F78-4D21-A016-D40D2C2F8A81}.Release|x86.ActiveCfg = Release|Win32
		{E549137C-9F78-4D21-A016-D40D2C2F8A81}.Release|x86.Build.0 = Release|Win32
		{BA925B9E-75FD-4A0F-A94B-6725FD36CF22}.Debug|x64.ActiveCfg = Debug|x64
		{BA925B9E-75FD-4A0F-A94B-6725FD36CF22}.Debug|x64.Build.0 = Debug|x64
		{BA925B9E-75FD-4A0F-A94B-6725FD36CF22}.Debug|x86.ActiveCfg = Debug|Win32
		{BA925B9E-75FD-4A0F-A94B-6725FD36CF22}.Debug|x86.Build.0 = Debug|Win32
		{BA925B9E-75FD-4A0F-A94B-6725FD36CF22}.Release|x64.ActiveCfg = Release|x64
		{BA925B9E-75FD-4A0F-A94B-6725FD36CF22}.Release|x64.Build.0 = Release|x64
		{BA925B9E-75FD-4A0F-A94B-6725FD36CF22}.Release|x86.ActiveCfg = Release|Win32
		{BA925B9E-75FD-4A0F-A94B-6725FD36CF22}.Release|x86.Build.0 = Release|Win32
		{E1CCC458-523D-44BB-AB1F-048492196976}.Debug|x64.ActiveCfg = Debug|x64
		{E1CCC458-523D-44BB-AB1F-048492196976}.Debug|x64.Build.0 = Debug|x64
		{E1CCC458-523D-44BB-AB1F-048492196976}.Debug|x86.ActiveCfg = Debug|Win32
		{E1CCC458-523D-44BB-AB1F-048492196976}.Debug|x86.Build.0 = Debug|Win32
		{E1CCC458-523D-44BB-AB1F-048492196976}.Release|x64.ActiveCfg = Release|x64
		{E1CCC458-523D-44BB-AB1F-048492196976}.Release|x64.Build.0 = Release|x64
		{E1CCC458-523D-44BB-AB1F-048492196976}.Release|x86.ActiveCfg = Release|Win32
		{E1CCC458-523D-44BB-AB1F-048492196976}.Release|x86.Build.0 = Release|Win32
		{567BD4D1-2D82-4767-8EEE-E695ED701E7C}.Debug|x64.ActiveCfg = Debug|x64
		{567BD4D1-2D82-4767-8EEE-E695ED701E7C}.Debug|x64.Build.0 = Debug|x64
		{567BD4D1-2D82-4767-8EEE-E695ED701E7C}.Debug|x86.ActiveCfg = Debug|Win32
		{567BD4D1-2D82-4767-8EEE-E695ED701E7C}.Debug|x86.Build.0 = Debug|Win32
		{567BD4D1-2D82-4767-8EEE-E695ED701E7C}.Release|x64.ActiveCfg = Release|x64
		{567BD4D1-2D82-4767-8EEE-E695ED701E7C}.Release|x64.Build.0 = Release|x64
		{567BD4D1-2D82-4767-8EEE-E695ED701E7C}.Release|x86.ActiveCfg = Release|Win32
		{567BD4D1-2D82-4767-8EEE-E695ED701E7C}.Release|x86.Build.0 = Release|Win32
		{7435D7DE-9331-4273-84DA-76632F155473}.Debug|x64.ActiveCfg = Debug|x64
		{7435D7DE-9331-4273-84DA-76632F155473}.Debug|x64.Build.0 = Debug|x64
		{7435D7DE-9331-4273-84DA-76632F155473}.Debug|x86.ActiveCfg = Debug|Win32
		{7435D7DE-9331-4273-84DA-76632F155473}.Debug|x86.Build.0 = Debug|Win32
		{7435D7DE-9331-4273-84DA-76632F155473}.Release|x64.ActiveCfg = Release|x64
		{7435D7DE-9331-4273-84DA-76632F155473}.Release|x64.Build.0 = Release|x64
		{7435D7DE-9331-4273-84DA-76632F155473}.Release|x86.ActiveCfg = Release|Win32
		{7435D7DE-9331-4273-84DA-76632F155473}.Release|x86.Build.0 = Release|Win32
		{8020FCD3-A37C-4DCD-88E8-B23B0982A6DD}.Debug|x64.ActiveCfg = Debug|x64
		{8020FCD3-A37C-4DCD-88E8-B23B0982A6DD}.Debug|x64.Build.0 = Debug|x64
		{8020FCD3-A37C-4DCD-88E8-B23B0982A6DD}.Debug|x86.ActiveCfg = Debug|Win32
		{8020FCD3-A37C-4DCD-88E8-B23B0982A6DD}.Debug|x86.Build.0 = Debug|Win32
		{8020FCD3-A37C-4DCD-88E8-B23B0982A6DD}.Release|x64.ActiveCfg = Release|x64
		{8020FCD3-A37C-4DCD-88E8-B23B0982A6DD}.Release|x64.Build.0 = Release|x64
		{8020FCD3-A37C-4DCD-88E8-B23B0982A6DD}.Release|x86.ActiveCfg = Release|Win32
		{8020FCD3-A37C-4DCD-88E8-B23B0982A6DD}.Release|x86.Build.0 = Release|Win32
		{97DF5A90-0126-45CC-BB68-64F1EAD36983}.Debug|x64.ActiveCfg = Debug|x64
		{97DF5A90-0126-45CC-BB68-64F1EAD36983}.Debug|x64.Build.0 = Debug|x64
		{97DF5A90-0126-45CC-BB68-64F1EAD36983}.Debug|x86.ActiveCfg = Debug|Win32
		{97DF5A90-0126-45CC-BB68-64F1EAD36983}.Debug|x86.Build.0 = Debug|Win32
		{97DF5A90-0126-45CC-BB68-64F1EAD36983}.Release|x64.ActiveCfg = Release|x64
		{97DF5A90-0126-45CC-BB68-64F1EAD36983}.Release|x64.Build.0 = Release|x64
		{97DF5A90-0126-45CC-BB68-64F1EAD36983}.Release|x86.ActiveCfg = Release|Win32
		{97DF5A90-0126-45CC-BB68-64F1EAD36983}.Release|x86.Build.0 = Release|Win32
	EndGlobalSection
	GlobalSection(SolutionProperties) = preSolution
		HideSolutionNode = FALSE
	EndGlobalSection
	GlobalSection(ExtensibilityGlobals) = postSolution
		SolutionGuid = {F30B5535-314C-49F3-A21F-639A719B07CB}
	EndGlobalSection
EndGlobal
