
Microsoft Visual Studio Solution File, Format Version 12.00
# Visual Studio 14
VisualStudioVersion = 14.0.25420.1
MinimumVisualStudioVersion = 10.0.40219.1
Project("{8BC9CEB8-8B4A-11D0-8D11-00A0C91BC942}") = "p1", "p1\p1.vcxproj", "{5D3A730E-6E0C-4845-86FE-ADF73A9AF813}"
EndProject
Project("{8BC9CEB8-8B4A-11D0-8D11-00A0C91BC942}") = "p2", "p2\p2.vcxproj", "{8A60F5C2-7380-4107-A92E-7A0B0F316E54}"
EndProject
Project("{8BC9CEB8-8B4A-11D0-8D11-00A0C91BC942}") = "p3", "p3\p3.vcxproj", "{A1F4EF79-C1D5-485C-A5C1-C24F60768A48}"
EndProject
Project("{8BC9CEB8-8B4A-11D0-8D11-00A0C91BC942}") = "Ex13", "Ex13\Ex13.vcxproj", "{F2755130-C9C3-41DF-9D77-F1AA970BDB98}"
EndProject
Global
	GlobalSection(SolutionConfigurationPlatforms) = preSolution
		Debug|x64 = Debug|x64
		Debug|x86 = Debug|x86
		Release|x64 = Release|x64
		Release|x86 = Release|x86
	EndGlobalSection
	GlobalSection(ProjectConfigurationPlatforms) = postSolution
		{5D3A730E-6E0C-4845-86FE-ADF73A9AF813}.Debug|x64.ActiveCfg = Debug|x64
		{5D3A730E-6E0C-4845-86FE-ADF73A9AF813}.Debug|x64.Build.0 = Debug|x64
		{5D3A730E-6E0C-4845-86FE-ADF73A9AF813}.Debug|x86.ActiveCfg = Debug|Win32
		{5D3A730E-6E0C-4845-86FE-ADF73A9AF813}.Debug|x86.Build.0 = Debug|Win32
		{5D3A730E-6E0C-4845-86FE-ADF73A9AF813}.Release|x64.ActiveCfg = Release|x64
		{5D3A730E-6E0C-4845-86FE-ADF73A9AF813}.Release|x64.Build.0 = Release|x64
		{5D3A730E-6E0C-4845-86FE-ADF73A9AF813}.Release|x86.ActiveCfg = Release|Win32
		{5D3A730E-6E0C-4845-86FE-ADF73A9AF813}.Release|x86.Build.0 = Release|Win32
		{8A60F5C2-7380-4107-A92E-7A0B0F316E54}.Debug|x64.ActiveCfg = Debug|x64
		{8A60F5C2-7380-4107-A92E-7A0B0F316E54}.Debug|x64.Build.0 = Debug|x64
		{8A60F5C2-7380-4107-A92E-7A0B0F316E54}.Debug|x86.ActiveCfg = Debug|Win32
		{8A60F5C2-7380-4107-A92E-7A0B0F316E54}.Debug|x86.Build.0 = Debug|Win32
		{8A60F5C2-7380-4107-A92E-7A0B0F316E54}.Release|x64.ActiveCfg = Release|x64
		{8A60F5C2-7380-4107-A92E-7A0B0F316E54}.Release|x64.Build.0 = Release|x64
		{8A60F5C2-7380-4107-A92E-7A0B0F316E54}.Release|x86.ActiveCfg = Release|Win32
		{8A60F5C2-7380-4107-A92E-7A0B0F316E54}.Release|x86.Build.0 = Release|Win32
		{A1F4EF79-C1D5-485C-A5C1-C24F60768A48}.Debug|x64.ActiveCfg = Debug|x64
		{A1F4EF79-C1D5-485C-A5C1-C24F60768A48}.Debug|x64.Build.0 = Debug|x64
		{A1F4EF79-C1D5-485C-A5C1-C24F60768A48}.Debug|x86.ActiveCfg = Debug|Win32
		{A1F4EF79-C1D5-485C-A5C1-C24F60768A48}.Debug|x86.Build.0 = Debug|Win32
		{A1F4EF79-C1D5-485C-A5C1-C24F60768A48}.Release|x64.ActiveCfg = Release|x64
		{A1F4EF79-C1D5-485C-A5C1-C24F60768A48}.Release|x64.Build.0 = Release|x64
		{A1F4EF79-C1D5-485C-A5C1-C24F60768A48}.Release|x86.ActiveCfg = Release|Win32
		{A1F4EF79-C1D5-485C-A5C1-C24F60768A48}.Release|x86.Build.0 = Release|Win32
		{F2755130-C9C3-41DF-9D77-F1AA970BDB98}.Debug|x64.ActiveCfg = Debug|x64
		{F2755130-C9C3-41DF-9D77-F1AA970BDB98}.Debug|x64.Build.0 = Debug|x64
		{F2755130-C9C3-41DF-9D77-F1AA970BDB98}.Debug|x86.ActiveCfg = Debug|Win32
		{F2755130-C9C3-41DF-9D77-F1AA970BDB98}.Debug|x86.Build.0 = Debug|Win32
		{F2755130-C9C3-41DF-9D77-F1AA970BDB98}.Release|x64.ActiveCfg = Release|x64
		{F2755130-C9C3-41DF-9D77-F1AA970BDB98}.Release|x64.Build.0 = Release|x64
		{F2755130-C9C3-41DF-9D77-F1AA970BDB98}.Release|x86.ActiveCfg = Release|Win32
		{F2755130-C9C3-41DF-9D77-F1AA970BDB98}.Release|x86.Build.0 = Release|Win32
	EndGlobalSection
	GlobalSection(SolutionProperties) = preSolution
		HideSolutionNode = FALSE
	EndGlobalSection
EndGlobal
